
Microsoft Visual Studio Solution File, Format Version 12.00
# Visual Studio Version 16
VisualStudioVersion = 16.0.31005.135
MinimumVisualStudioVersion = 10.0.40219.1
Project("{2150E333-8FDC-42A3-9474-1A3956D46DE8}") = "Tests", "Tests", "{28E91806-4C27-4994-BC24-BC83FCB2BC9D}"
EndProject
Project("{2150E333-8FDC-42A3-9474-1A3956D46DE8}") = "Domain", "Domain", "{0418E440-AC1F-47D2-9DE5-4A8D5C31D15B}"
EndProject
Project("{9A19103F-16F7-4668-BE54-9A1E7A4F7556}") = "SC.Sekure.Domain.UseCase.Tests", "SC.Sekure\Tests\Domain\SC.Sekure.Domain.UseCase.Tests\SC.Sekure.Domain.UseCase.Tests.csproj", "{DBBFC611-9B6C-485B-9413-A6A4EA97CB5C}"
EndProject
Project("{9A19103F-16F7-4668-BE54-9A1E7A4F7556}") = "SC.Sekure.Domain.Entities.Tests", "SC.Sekure\Tests\Domain\SC.Sekure.Domain.Entities.Tests\SC.Sekure.Domain.Entities.Tests.csproj", "{4B974C55-05D8-4518-96BF-6C0C5EBF0B68}"
EndProject
Project("{2150E333-8FDC-42A3-9474-1A3956D46DE8}") = "Infrastructure", "Infrastructure", "{4C6F17E1-383D-4AF8-8E3C-445DB7D1DC74}"
EndProject
Project("{2150E333-8FDC-42A3-9474-1A3956D46DE8}") = "EntryPoints", "EntryPoints", "{DAD64E58-8DE3-4149-947C-7C668F42EE3E}"
EndProject
Project("{9A19103F-16F7-4668-BE54-9A1E7A4F7556}") = "SC.Sekure.EntryPoints.ReactWeb.Tests", "SC.Sekure\Tests\Infrastructure\EntryPoints\SC.Sekure.EntryPoints.ReactWeb.Tests\SC.Sekure.EntryPoints.ReactWeb.Tests.csproj", "{D5684277-565C-49CF-BF6F-18F114A73D74}"
EndProject
Project("{2150E333-8FDC-42A3-9474-1A3956D46DE8}") = "DrivenAdapters", "DrivenAdapters", "{B05676ED-40B5-491C-82B8-BFDA7F8D1562}"
EndProject
Project("{9A19103F-16F7-4668-BE54-9A1E7A4F7556}") = "SC.Sekure.DrivenAdapters.Mongo.Tests", "SC.Sekure\Tests\Infrastructure\DrivenAdapters\SC.Sekure.DrivenAdapters.Mongo.Tests\SC.Sekure.DrivenAdapters.Mongo.Tests.csproj", "{2621F1AE-D5F4-49C4-96B3-CB480552BB56}"
EndProject
Project("{2150E333-8FDC-42A3-9474-1A3956D46DE8}") = "src", "src", "{42CDC991-2D1A-4A9A-A2F2-810ABA264E48}"
EndProject
Project("{2150E333-8FDC-42A3-9474-1A3956D46DE8}") = "Domain", "Domain", "{BA0209C6-75E8-4401-BB3D-04F05714C7AC}"
EndProject
Project("{9A19103F-16F7-4668-BE54-9A1E7A4F7556}") = "SC.Sekure.Domain.UseCase", "SC.Sekure\src\Domain\SC.Sekure.Domain.UseCase\SC.Sekure.Domain.UseCase.csproj", "{D2438359-621A-4698-982E-82CCB14F229F}"
EndProject
Project("{9A19103F-16F7-4668-BE54-9A1E7A4F7556}") = "SC.Sekure.Domain.Model", "SC.Sekure\src\Domain\SC.Sekure.Domain.Entities\SC.Sekure.Domain.Model.csproj", "{506302FE-9F3B-4A5E-BD83-952619F42F33}"
EndProject
Project("{2150E333-8FDC-42A3-9474-1A3956D46DE8}") = "Applications", "Applications", "{4A9A9C5A-A442-43C2-BC2D-76C2C32F3853}"
EndProject
Project("{9A19103F-16F7-4668-BE54-9A1E7A4F7556}") = "SC.Sekure.AppServices", "SC.Sekure\src\Applications\SC.Sekure.AppServices\SC.Sekure.AppServices.csproj", "{12F97689-BE3E-4DED-B1C4-39EF87E5D647}"
EndProject
Project("{2150E333-8FDC-42A3-9474-1A3956D46DE8}") = "Infrastructure", "Infrastructure", "{CF051E32-6585-41B0-8568-513F176401A8}"
EndProject
Project("{2150E333-8FDC-42A3-9474-1A3956D46DE8}") = "EntryPoints", "EntryPoints", "{4D65382E-689B-4214-996B-14E058A659B9}"
EndProject
Project("{9A19103F-16F7-4668-BE54-9A1E7A4F7556}") = "SC.Sekure.EntryPoints.ReactiveWeb", "SC.Sekure\src\Infrastructure\EntryPoints\SC.Sekure.EntryPoints.ReactiveWeb\SC.Sekure.EntryPoints.ReactiveWeb.csproj", "{CAC89973-8F10-436B-8A36-BF28F301D246}"
EndProject
Project("{2150E333-8FDC-42A3-9474-1A3956D46DE8}") = "DrivenAdapters", "DrivenAdapters", "{3A7710DB-C00C-4A47-8148-1126528ACA31}"
EndProject
Project("{9A19103F-16F7-4668-BE54-9A1E7A4F7556}") = "SC.Sekure.DrivenAdapters.Mongo", "SC.Sekure\src\Infrastructure\DrivenAdapters\SC.Sekure.DrivenAdapters.Mongo\SC.Sekure.DrivenAdapters.Mongo.csproj", "{1021719A-3AE2-4CD8-9B87-AF07A2E48F23}"
EndProject
Project("{2150E333-8FDC-42A3-9474-1A3956D46DE8}") = "Helpers", "Helpers", "{4BAD3895-008D-40D6-92FF-D35035D7F8FC}"
EndProject
Project("{9A19103F-16F7-4668-BE54-9A1E7A4F7556}") = "SC.Sekure.Helpers.Commons", "SC.Sekure\src\Infrastructure\Helpers\SC.Sekure.Helpers.Commons\SC.Sekure.Helpers.Commons.csproj", "{4F877595-B12D-4E0F-95C6-E114FD6881AD}"
EndProject
Project("{9A19103F-16F7-4668-BE54-9A1E7A4F7556}") = "SC.Sekure.Helpers.ObjectsUtils", "SC.Sekure\src\Infrastructure\Helpers\SC.Sekure.Helpers.ObjectsUtils\SC.Sekure.Helpers.ObjectsUtils.csproj", "{794A5C46-A3C0-4820-8A74-3362E7FEE3B1}"
EndProject
Project("{FAE04EC0-301F-11D3-BF4B-00C04F79EFBC}") = "Sekure.DrivenAdapters.ApiService", "Sekure.DrivenAdapters.ApiService\Sekure.DrivenAdapters.ApiService.csproj", "{824A7B14-84F6-4A81-B0E8-10D520F8B69C}"
EndProject
Global
	GlobalSection(SolutionConfigurationPlatforms) = preSolution
		Debug|Any CPU = Debug|Any CPU
		Release|Any CPU = Release|Any CPU
	EndGlobalSection
	GlobalSection(ProjectConfigurationPlatforms) = postSolution
		{DBBFC611-9B6C-485B-9413-A6A4EA97CB5C}.Debug|Any CPU.ActiveCfg = Debug|Any CPU
		{DBBFC611-9B6C-485B-9413-A6A4EA97CB5C}.Debug|Any CPU.Build.0 = Debug|Any CPU
		{DBBFC611-9B6C-485B-9413-A6A4EA97CB5C}.Release|Any CPU.ActiveCfg = Release|Any CPU
		{DBBFC611-9B6C-485B-9413-A6A4EA97CB5C}.Release|Any CPU.Build.0 = Release|Any CPU
		{4B974C55-05D8-4518-96BF-6C0C5EBF0B68}.Debug|Any CPU.ActiveCfg = Debug|Any CPU
		{4B974C55-05D8-4518-96BF-6C0C5EBF0B68}.Debug|Any CPU.Build.0 = Debug|Any CPU
		{4B974C55-05D8-4518-96BF-6C0C5EBF0B68}.Release|Any CPU.ActiveCfg = Release|Any CPU
		{4B974C55-05D8-4518-96BF-6C0C5EBF0B68}.Release|Any CPU.Build.0 = Release|Any CPU
		{D5684277-565C-49CF-BF6F-18F114A73D74}.Debug|Any CPU.ActiveCfg = Debug|Any CPU
		{D5684277-565C-49CF-BF6F-18F114A73D74}.Debug|Any CPU.Build.0 = Debug|Any CPU
		{D5684277-565C-49CF-BF6F-18F114A73D74}.Release|Any CPU.ActiveCfg = Release|Any CPU
		{D5684277-565C-49CF-BF6F-18F114A73D74}.Release|Any CPU.Build.0 = Release|Any CPU
		{2621F1AE-D5F4-49C4-96B3-CB480552BB56}.Debug|Any CPU.ActiveCfg = Debug|Any CPU
		{2621F1AE-D5F4-49C4-96B3-CB480552BB56}.Debug|Any CPU.Build.0 = Debug|Any CPU
		{2621F1AE-D5F4-49C4-96B3-CB480552BB56}.Release|Any CPU.ActiveCfg = Release|Any CPU
		{2621F1AE-D5F4-49C4-96B3-CB480552BB56}.Release|Any CPU.Build.0 = Release|Any CPU
		{D2438359-621A-4698-982E-82CCB14F229F}.Debug|Any CPU.ActiveCfg = Debug|Any CPU
		{D2438359-621A-4698-982E-82CCB14F229F}.Debug|Any CPU.Build.0 = Debug|Any CPU
		{D2438359-621A-4698-982E-82CCB14F229F}.Release|Any CPU.ActiveCfg = Release|Any CPU
		{D2438359-621A-4698-982E-82CCB14F229F}.Release|Any CPU.Build.0 = Release|Any CPU
		{506302FE-9F3B-4A5E-BD83-952619F42F33}.Debug|Any CPU.ActiveCfg = Debug|Any CPU
		{506302FE-9F3B-4A5E-BD83-952619F42F33}.Debug|Any CPU.Build.0 = Debug|Any CPU
		{506302FE-9F3B-4A5E-BD83-952619F42F33}.Release|Any CPU.ActiveCfg = Release|Any CPU
		{506302FE-9F3B-4A5E-BD83-952619F42F33}.Release|Any CPU.Build.0 = Release|Any CPU
		{12F97689-BE3E-4DED-B1C4-39EF87E5D647}.Debug|Any CPU.ActiveCfg = Debug|Any CPU
		{12F97689-BE3E-4DED-B1C4-39EF87E5D647}.Debug|Any CPU.Build.0 = Debug|Any CPU
		{12F97689-BE3E-4DED-B1C4-39EF87E5D647}.Release|Any CPU.ActiveCfg = Release|Any CPU
		{12F97689-BE3E-4DED-B1C4-39EF87E5D647}.Release|Any CPU.Build.0 = Release|Any CPU
		{CAC89973-8F10-436B-8A36-BF28F301D246}.Debug|Any CPU.ActiveCfg = Debug|Any CPU
		{CAC89973-8F10-436B-8A36-BF28F301D246}.Debug|Any CPU.Build.0 = Debug|Any CPU
		{CAC89973-8F10-436B-8A36-BF28F301D246}.Release|Any CPU.ActiveCfg = Release|Any CPU
		{CAC89973-8F10-436B-8A36-BF28F301D246}.Release|Any CPU.Build.0 = Release|Any CPU
		{1021719A-3AE2-4CD8-9B87-AF07A2E48F23}.Debug|Any CPU.ActiveCfg = Debug|Any CPU
		{1021719A-3AE2-4CD8-9B87-AF07A2E48F23}.Debug|Any CPU.Build.0 = Debug|Any CPU
		{1021719A-3AE2-4CD8-9B87-AF07A2E48F23}.Release|Any CPU.ActiveCfg = Release|Any CPU
		{1021719A-3AE2-4CD8-9B87-AF07A2E48F23}.Release|Any CPU.Build.0 = Release|Any CPU
		{4F877595-B12D-4E0F-95C6-E114FD6881AD}.Debug|Any CPU.ActiveCfg = Debug|Any CPU
		{4F877595-B12D-4E0F-95C6-E114FD6881AD}.Debug|Any CPU.Build.0 = Debug|Any CPU
		{4F877595-B12D-4E0F-95C6-E114FD6881AD}.Release|Any CPU.ActiveCfg = Release|Any CPU
		{4F877595-B12D-4E0F-95C6-E114FD6881AD}.Release|Any CPU.Build.0 = Release|Any CPU
		{794A5C46-A3C0-4820-8A74-3362E7FEE3B1}.Debug|Any CPU.ActiveCfg = Debug|Any CPU
		{794A5C46-A3C0-4820-8A74-3362E7FEE3B1}.Debug|Any CPU.Build.0 = Debug|Any CPU
		{794A5C46-A3C0-4820-8A74-3362E7FEE3B1}.Release|Any CPU.ActiveCfg = Release|Any CPU
		{794A5C46-A3C0-4820-8A74-3362E7FEE3B1}.Release|Any CPU.Build.0 = Release|Any CPU
		{824A7B14-84F6-4A81-B0E8-10D520F8B69C}.Debug|Any CPU.ActiveCfg = Debug|Any CPU
		{824A7B14-84F6-4A81-B0E8-10D520F8B69C}.Debug|Any CPU.Build.0 = Debug|Any CPU
		{824A7B14-84F6-4A81-B0E8-10D520F8B69C}.Release|Any CPU.ActiveCfg = Release|Any CPU
		{824A7B14-84F6-4A81-B0E8-10D520F8B69C}.Release|Any CPU.Build.0 = Release|Any CPU
	EndGlobalSection
	GlobalSection(SolutionProperties) = preSolution
		HideSolutionNode = FALSE
	EndGlobalSection
	GlobalSection(NestedProjects) = preSolution
		{0418E440-AC1F-47D2-9DE5-4A8D5C31D15B} = {28E91806-4C27-4994-BC24-BC83FCB2BC9D}
		{DBBFC611-9B6C-485B-9413-A6A4EA97CB5C} = {0418E440-AC1F-47D2-9DE5-4A8D5C31D15B}
		{4B974C55-05D8-4518-96BF-6C0C5EBF0B68} = {0418E440-AC1F-47D2-9DE5-4A8D5C31D15B}
		{4C6F17E1-383D-4AF8-8E3C-445DB7D1DC74} = {28E91806-4C27-4994-BC24-BC83FCB2BC9D}
		{DAD64E58-8DE3-4149-947C-7C668F42EE3E} = {4C6F17E1-383D-4AF8-8E3C-445DB7D1DC74}
		{D5684277-565C-49CF-BF6F-18F114A73D74} = {DAD64E58-8DE3-4149-947C-7C668F42EE3E}
		{B05676ED-40B5-491C-82B8-BFDA7F8D1562} = {4C6F17E1-383D-4AF8-8E3C-445DB7D1DC74}
		{2621F1AE-D5F4-49C4-96B3-CB480552BB56} = {B05676ED-40B5-491C-82B8-BFDA7F8D1562}
		{BA0209C6-75E8-4401-BB3D-04F05714C7AC} = {42CDC991-2D1A-4A9A-A2F2-810ABA264E48}
		{D2438359-621A-4698-982E-82CCB14F229F} = {BA0209C6-75E8-4401-BB3D-04F05714C7AC}
		{506302FE-9F3B-4A5E-BD83-952619F42F33} = {BA0209C6-75E8-4401-BB3D-04F05714C7AC}
		{4A9A9C5A-A442-43C2-BC2D-76C2C32F3853} = {42CDC991-2D1A-4A9A-A2F2-810ABA264E48}
		{12F97689-BE3E-4DED-B1C4-39EF87E5D647} = {4A9A9C5A-A442-43C2-BC2D-76C2C32F3853}
		{CF051E32-6585-41B0-8568-513F176401A8} = {42CDC991-2D1A-4A9A-A2F2-810ABA264E48}
		{4D65382E-689B-4214-996B-14E058A659B9} = {CF051E32-6585-41B0-8568-513F176401A8}
		{CAC89973-8F10-436B-8A36-BF28F301D246} = {4D65382E-689B-4214-996B-14E058A659B9}
		{3A7710DB-C00C-4A47-8148-1126528ACA31} = {CF051E32-6585-41B0-8568-513F176401A8}
		{1021719A-3AE2-4CD8-9B87-AF07A2E48F23} = {3A7710DB-C00C-4A47-8148-1126528ACA31}
		{4BAD3895-008D-40D6-92FF-D35035D7F8FC} = {CF051E32-6585-41B0-8568-513F176401A8}
		{4F877595-B12D-4E0F-95C6-E114FD6881AD} = {4BAD3895-008D-40D6-92FF-D35035D7F8FC}
		{794A5C46-A3C0-4820-8A74-3362E7FEE3B1} = {4BAD3895-008D-40D6-92FF-D35035D7F8FC}
		{824A7B14-84F6-4A81-B0E8-10D520F8B69C} = {3A7710DB-C00C-4A47-8148-1126528ACA31}
	EndGlobalSection
	GlobalSection(ExtensibilityGlobals) = postSolution
		SolutionGuid = {AD25A43D-F71E-40B8-95AD-759C57DED4D9}
	EndGlobalSection
EndGlobal
